<?xml version="1.0" encoding="UTF-8"?>
<!DOCTYPE plist PUBLIC "-//Apple//DTD PLIST 1.0//EN" "http://www.apple.com/DTDs/PropertyList-1.0.dtd">
<plist version="1.0">
<dict>
	<key>archiveVersion</key>
	<string>1</string>
	<key>classes</key>
	<dict/>
	<key>objectVersion</key>
	<string>46</string>
	<key>objects</key>
	<dict>
		<key>190CC998E0299F83E15E9913</key>
		<dict>
			<key>buildActionMask</key>
			<string>2147483647</string>
			<key>files</key>
			<array/>
			<key>inputPaths</key>
			<array/>
			<key>isa</key>
			<string>PBXShellScriptBuildPhase</string>
			<key>name</key>
			<string>Check Pods Manifest.lock</string>
			<key>outputPaths</key>
			<array/>
			<key>runOnlyForDeploymentPostprocessing</key>
			<string>0</string>
			<key>shellPath</key>
			<string>/bin/sh</string>
			<key>shellScript</key>
			<string>diff "${PODS_ROOT}/../Podfile.lock" "${PODS_ROOT}/Manifest.lock" &gt; /dev/null
if [[ $? != 0 ]] ; then
    cat &lt;&lt; EOM
error: The sandbox is not in sync with the Podfile.lock. Run 'pod install' or update your CocoaPods installation.
EOM
    exit 1
fi
</string>
			<key>showEnvVarsInLog</key>
			<string>0</string>
		</dict>
		<key>45BAF0064C54F088378C3027</key>
		<dict>
			<key>fileEncoding</key>
			<string>4</string>
			<key>isa</key>
			<string>PBXFileReference</string>
			<key>lastKnownFileType</key>
			<string>sourcecode.swift</string>
			<key>path</key>
			<string>REDWordsConfigManager.swift</string>
			<key>sourceTree</key>
			<string>&lt;group&gt;</string>
		</dict>
		<key>45BAF0D6E5BCBC148379D9C9</key>
		<dict>
			<key>fileRef</key>
			<string>45BAF25C7F877C8CBD5E7648</string>
			<key>isa</key>
			<string>PBXBuildFile</string>
		</dict>
		<key>45BAF25C7F877C8CBD5E7648</key>
		<dict>
			<key>isa</key>
			<string>PBXFileReference</string>
			<key>lastKnownFileType</key>
			<string>image.png</string>
			<key>path</key>
			<string>Background.png</string>
			<key>sourceTree</key>
			<string>&lt;group&gt;</string>
		</dict>
		<key>45BAF508212D8B33C47A01D4</key>
		<dict>
			<key>isa</key>
			<string>PBXFileReference</string>
			<key>lastKnownFileType</key>
			<string>image.png</string>
			<key>path</key>
			<string>InputBG@2x.png</string>
			<key>sourceTree</key>
			<string>&lt;group&gt;</string>
		</dict>
		<key>45BAF52DC9C02435A8764712</key>
		<dict>
			<key>fileRef</key>
			<string>45BAFA8B0EBAA691BC51F863</string>
			<key>isa</key>
			<string>PBXBuildFile</string>
		</dict>
		<key>45BAF535804C78D8EAC1E63D</key>
		<dict>
			<key>fileEncoding</key>
			<string>4</string>
			<key>isa</key>
			<string>PBXFileReference</string>
			<key>lastKnownFileType</key>
			<string>sourcecode.swift</string>
			<key>path</key>
			<string>REDUserDefaults.swift</string>
			<key>sourceTree</key>
			<string>&lt;group&gt;</string>
		</dict>
		<key>45BAF5A4705A7524E96DF0F9</key>
		<dict>
			<key>fileRef</key>
			<string>45BAFD4A06A50080D9CE89AC</string>
			<key>isa</key>
			<string>PBXBuildFile</string>
		</dict>
		<key>45BAF5DA55F6EE2F307CBD87</key>
		<dict>
			<key>fileRef</key>
			<string>45BAFA4F5CACB269C680218A</string>
			<key>isa</key>
			<string>PBXBuildFile</string>
		</dict>
		<key>45BAF65E543F609C95D09079</key>
		<dict>
			<key>children</key>
			<array>
				<string>45BAFA759A3F8C5F848B1CB1</string>
			</array>
			<key>isa</key>
			<string>PBXGroup</string>
			<key>path</key>
			<string>Resources</string>
			<key>sourceTree</key>
			<string>&lt;group&gt;</string>
		</dict>
		<key>45BAF68C8FDA7D157356C5A3</key>
		<dict>
			<key>children</key>
			<array>
				<string>45BAF535804C78D8EAC1E63D</string>
			</array>
			<key>isa</key>
			<string>PBXGroup</string>
			<key>name</key>
			<string>models</string>
			<key>sourceTree</key>
			<string>&lt;group&gt;</string>
		</dict>
		<key>45BAF69707BC058332542E6A</key>
		<dict>
			<key>fileRef</key>
			<string>45BAFF01680206ED13BEC62D</string>
			<key>isa</key>
			<string>PBXBuildFile</string>
		</dict>
		<key>45BAF6BAD05593495BFC9E83</key>
		<dict>
			<key>fileRef</key>
			<string>45BAFBC898D212E4EFAF37BB</string>
			<key>isa</key>
			<string>PBXBuildFile</string>
		</dict>
		<key>45BAF6DEF7DD1187B54EBE1E</key>
		<dict>
			<key>fileRef</key>
			<string>45BAF535804C78D8EAC1E63D</string>
			<key>isa</key>
			<string>PBXBuildFile</string>
		</dict>
		<key>45BAF7DB3804D328C69A8245</key>
		<dict>
			<key>fileRef</key>
			<string>45BAF0064C54F088378C3027</string>
			<key>isa</key>
			<string>PBXBuildFile</string>
		</dict>
		<key>45BAF8A3EFBDD446DB242C9E</key>
		<dict>
			<key>fileRef</key>
			<string>45BAF92E4DA4B49E40DA49EA</string>
			<key>isa</key>
			<string>PBXBuildFile</string>
		</dict>
		<key>45BAF92E4DA4B49E40DA49EA</key>
		<dict>
			<key>isa</key>
			<string>PBXFileReference</string>
			<key>lastKnownFileType</key>
			<string>image.png</string>
			<key>path</key>
			<string>day_completed.png</string>
			<key>sourceTree</key>
			<string>&lt;group&gt;</string>
		</dict>
		<key>45BAF9373B554B1CC2A9B87D</key>
		<dict>
			<key>fileRef</key>
			<string>45BAFFA0C6F3C223B301ED37</string>
			<key>isa</key>
			<string>PBXBuildFile</string>
		</dict>
		<key>45BAF94B1BE2C6D51D724541</key>
		<dict>
			<key>children</key>
			<array>
				<string>45BAFAE714662FE17AA30FD6</string>
			</array>
			<key>isa</key>
			<string>PBXGroup</string>
			<key>name</key>
			<string>components</string>
			<key>sourceTree</key>
			<string>&lt;group&gt;</string>
		</dict>
		<key>45BAFA22E9D8594C890B1E10</key>
		<dict>
			<key>children</key>
			<array>
				<string>45BAF0064C54F088378C3027</string>
			</array>
			<key>isa</key>
			<string>PBXGroup</string>
			<key>name</key>
			<string>files</string>
			<key>sourceTree</key>
			<string>&lt;group&gt;</string>
		</dict>
		<key>45BAFA4F5CACB269C680218A</key>
		<dict>
			<key>isa</key>
			<string>PBXFileReference</string>
			<key>lastKnownFileType</key>
			<string>image.png</string>
			<key>path</key>
			<string>InputBG.png</string>
			<key>sourceTree</key>
			<string>&lt;group&gt;</string>
		</dict>
		<key>45BAFA759A3F8C5F848B1CB1</key>
		<dict>
			<key>children</key>
			<array>
				<string>45BAFC86AE42DEDB1570422D</string>
				<string>45BAFA8B0EBAA691BC51F863</string>
				<string>45BAFA4F5CACB269C680218A</string>
				<string>45BAFD4A06A50080D9CE89AC</string>
				<string>45BAF25C7F877C8CBD5E7648</string>
				<string>45BAF508212D8B33C47A01D4</string>
				<string>45BAFF3835DA9E25C253A138</string>
				<string>45BAFF01680206ED13BEC62D</string>
				<string>45BAFA7901D90176DD126D1D</string>
				<string>45BAF92E4DA4B49E40DA49EA</string>
			</array>
			<key>isa</key>
			<string>PBXGroup</string>
			<key>path</key>
			<string>images</string>
			<key>sourceTree</key>
			<string>&lt;group&gt;</string>
		</dict>
		<key>45BAFA7901D90176DD126D1D</key>
		<dict>
			<key>isa</key>
			<string>PBXFileReference</string>
			<key>lastKnownFileType</key>
			<string>image.png</string>
			<key>path</key>
			<string>Background@2x.png</string>
			<key>sourceTree</key>
			<string>&lt;group&gt;</string>
		</dict>
		<key>45BAFA8B0EBAA691BC51F863</key>
		<dict>
			<key>isa</key>
			<string>PBXFileReference</string>
			<key>lastKnownFileType</key>
			<string>image.png</string>
			<key>path</key>
			<string>switch.png</string>
			<key>sourceTree</key>
			<string>&lt;group&gt;</string>
		</dict>
		<key>45BAFAB0F00537E5E17F1E2C</key>
		<dict>
			<key>fileRef</key>
			<string>45BAFF3835DA9E25C253A138</string>
			<key>isa</key>
			<string>PBXBuildFile</string>
		</dict>
		<key>45BAFAE714662FE17AA30FD6</key>
		<dict>
			<key>children</key>
			<array>
				<string>45BAFBC898D212E4EFAF37BB</string>
			</array>
			<key>isa</key>
			<string>PBXGroup</string>
			<key>name</key>
			<string>buttons</string>
			<key>sourceTree</key>
			<string>&lt;group&gt;</string>
		</dict>
		<key>45BAFBC898D212E4EFAF37BB</key>
		<dict>
			<key>fileEncoding</key>
			<string>4</string>
			<key>isa</key>
			<string>PBXFileReference</string>
			<key>lastKnownFileType</key>
			<string>sourcecode.swift</string>
			<key>path</key>
			<string>REDBasicButton.swift</string>
			<key>sourceTree</key>
			<string>&lt;group&gt;</string>
		</dict>
		<key>45BAFC86AE42DEDB1570422D</key>
		<dict>
			<key>isa</key>
			<string>PBXFileReference</string>
			<key>lastKnownFileType</key>
			<string>image.png</string>
			<key>path</key>
			<string>Button.png</string>
			<key>sourceTree</key>
			<string>&lt;group&gt;</string>
		</dict>
		<key>45BAFCC9B233D23B8F113A3C</key>
		<dict>
			<key>fileRef</key>
			<string>45BAF508212D8B33C47A01D4</string>
			<key>isa</key>
			<string>PBXBuildFile</string>
		</dict>
		<key>45BAFD4A06A50080D9CE89AC</key>
		<dict>
			<key>isa</key>
			<string>PBXFileReference</string>
			<key>lastKnownFileType</key>
			<string>image.png</string>
			<key>path</key>
			<string>Button@2x.png</string>
			<key>sourceTree</key>
			<string>&lt;group&gt;</string>
		</dict>
		<key>45BAFD59F2C9609290A623DF</key>
		<dict>
			<key>fileRef</key>
			<string>45BAFA7901D90176DD126D1D</string>
			<key>isa</key>
			<string>PBXBuildFile</string>
		</dict>
		<key>45BAFF01680206ED13BEC62D</key>
		<dict>
			<key>isa</key>
			<string>PBXFileReference</string>
			<key>lastKnownFileType</key>
			<string>image.jpeg</string>
			<key>path</key>
			<string>Background_2.jpg</string>
			<key>sourceTree</key>
			<string>&lt;group&gt;</string>
		</dict>
		<key>45BAFF3835DA9E25C253A138</key>
		<dict>
			<key>isa</key>
			<string>PBXFileReference</string>
			<key>lastKnownFileType</key>
			<string>image.png</string>
			<key>path</key>
			<string>Background_1.png</string>
			<key>sourceTree</key>
			<string>&lt;group&gt;</string>
		</dict>
		<key>45BAFFA0C6F3C223B301ED37</key>
		<dict>
			<key>fileEncoding</key>
			<string>4</string>
			<key>isa</key>
			<string>PBXFileReference</string>
			<key>lastKnownFileType</key>
			<string>sourcecode.swift</string>
			<key>path</key>
			<string>REDSelectLanguageViewController.swift</string>
			<key>sourceTree</key>
			<string>&lt;group&gt;</string>
		</dict>
		<key>45BAFFA5F65CFFCB7193BAEB</key>
		<dict>
			<key>fileRef</key>
			<string>45BAFC86AE42DEDB1570422D</string>
			<key>isa</key>
			<string>PBXBuildFile</string>
		</dict>
		<key>488506E31B33354F0068D65E</key>
		<dict>
			<key>children</key>
			<array>
				<string>488506EE1B3335500068D65E</string>
				<string>488507041B3335500068D65E</string>
				<string>488506ED1B3335500068D65E</string>
				<string>7382F81A06806C8D899479C8</string>
				<string>E0F0762C7880B5BC43C4B219</string>
			</array>
			<key>isa</key>
			<string>PBXGroup</string>
			<key>sourceTree</key>
			<string>&lt;group&gt;</string>
		</dict>
		<key>488506E41B33354F0068D65E</key>
		<dict>
			<key>attributes</key>
			<dict>
				<key>LastUpgradeCheck</key>
				<string>0630</string>
				<key>ORGANIZATIONNAME</key>
				<string>MIGUEL MOLDES</string>
				<key>TargetAttributes</key>
				<dict>
					<key>488506EB1B3335500068D65E</key>
					<dict>
						<key>CreatedOnToolsVersion</key>
						<string>6.3.2</string>
					</dict>
					<key>488507001B3335500068D65E</key>
					<dict>
						<key>CreatedOnToolsVersion</key>
						<string>6.3.2</string>
						<key>TestTargetID</key>
						<string>488506EB1B3335500068D65E</string>
					</dict>
				</dict>
			</dict>
			<key>buildConfigurationList</key>
			<string>488506E71B33354F0068D65E</string>
			<key>compatibilityVersion</key>
			<string>Xcode 3.2</string>
			<key>developmentRegion</key>
			<string>English</string>
			<key>hasScannedForEncodings</key>
			<string>0</string>
			<key>isa</key>
			<string>PBXProject</string>
			<key>knownRegions</key>
			<array>
				<string>en</string>
				<string>Base</string>
			</array>
			<key>mainGroup</key>
			<string>488506E31B33354F0068D65E</string>
			<key>productRefGroup</key>
			<string>488506ED1B3335500068D65E</string>
			<key>projectDirPath</key>
			<string></string>
			<key>projectReferences</key>
			<array/>
			<key>projectRoot</key>
			<string></string>
			<key>targets</key>
			<array>
				<string>488506EB1B3335500068D65E</string>
				<string>488507001B3335500068D65E</string>
			</array>
		</dict>
		<key>488506E71B33354F0068D65E</key>
		<dict>
			<key>buildConfigurations</key>
			<array>
				<string>488507091B3335500068D65E</string>
				<string>4885070A1B3335500068D65E</string>
			</array>
			<key>defaultConfigurationIsVisible</key>
			<string>0</string>
			<key>defaultConfigurationName</key>
			<string>Release</string>
			<key>isa</key>
			<string>XCConfigurationList</string>
		</dict>
		<key>488506E81B3335500068D65E</key>
		<dict>
			<key>buildActionMask</key>
			<string>2147483647</string>
			<key>files</key>
			<array>
				<string>488506F41B3335500068D65E</string>
				<string>488506F21B3335500068D65E</string>
				<string>45BAF9373B554B1CC2A9B87D</string>
				<string>45BAF6DEF7DD1187B54EBE1E</string>
				<string>45BAF7DB3804D328C69A8245</string>
				<string>45BAF6BAD05593495BFC9E83</string>
			</array>
			<key>isa</key>
			<string>PBXSourcesBuildPhase</string>
			<key>runOnlyForDeploymentPostprocessing</key>
			<string>0</string>
		</dict>
		<key>488506E91B3335500068D65E</key>
		<dict>
			<key>buildActionMask</key>
			<string>2147483647</string>
			<key>files</key>
			<array>
				<string>CA7D2EDFB88CA7FE211972DD</string>
			</array>
			<key>isa</key>
			<string>PBXFrameworksBuildPhase</string>
			<key>runOnlyForDeploymentPostprocessing</key>
			<string>0</string>
		</dict>
		<key>488506EA1B3335500068D65E</key>
		<dict>
			<key>buildActionMask</key>
			<string>2147483647</string>
			<key>files</key>
			<array>
				<string>488506F71B3335500068D65E</string>
				<string>488506FC1B3335500068D65E</string>
				<string>488506F91B3335500068D65E</string>
				<string>45BAFFA5F65CFFCB7193BAEB</string>
				<string>45BAF52DC9C02435A8764712</string>
				<string>45BAF5DA55F6EE2F307CBD87</string>
				<string>45BAF5A4705A7524E96DF0F9</string>
				<string>45BAF0D6E5BCBC148379D9C9</string>
				<string>45BAFCC9B233D23B8F113A3C</string>
				<string>45BAFAB0F00537E5E17F1E2C</string>
				<string>45BAF69707BC058332542E6A</string>
				<string>45BAFD59F2C9609290A623DF</string>
				<string>45BAF8A3EFBDD446DB242C9E</string>
			</array>
			<key>isa</key>
			<string>PBXResourcesBuildPhase</string>
			<key>runOnlyForDeploymentPostprocessing</key>
			<string>0</string>
		</dict>
		<key>488506EB1B3335500068D65E</key>
		<dict>
			<key>buildConfigurationList</key>
			<string>4885070B1B3335500068D65E</string>
			<key>buildPhases</key>
			<array>
				<string>190CC998E0299F83E15E9913</string>
				<string>488506E81B3335500068D65E</string>
				<string>488506E91B3335500068D65E</string>
				<string>488506EA1B3335500068D65E</string>
				<string>70C409ADDF91B22380269777</string>
			</array>
			<key>buildRules</key>
			<array/>
			<key>dependencies</key>
			<array/>
			<key>isa</key>
			<string>PBXNativeTarget</string>
			<key>name</key>
			<string>REDVocabulary</string>
			<key>productName</key>
			<string>REDVocabulary</string>
			<key>productReference</key>
			<string>488506EC1B3335500068D65E</string>
			<key>productType</key>
			<string>com.apple.product-type.application</string>
		</dict>
		<key>488506EC1B3335500068D65E</key>
		<dict>
			<key>explicitFileType</key>
			<string>wrapper.application</string>
			<key>includeInIndex</key>
			<string>0</string>
			<key>isa</key>
			<string>PBXFileReference</string>
			<key>path</key>
			<string>REDVocabulary.app</string>
			<key>sourceTree</key>
			<string>BUILT_PRODUCTS_DIR</string>
		</dict>
		<key>488506ED1B3335500068D65E</key>
		<dict>
			<key>children</key>
			<array>
				<string>488506EC1B3335500068D65E</string>
				<string>488507011B3335500068D65E</string>
			</array>
			<key>isa</key>
			<string>PBXGroup</string>
			<key>name</key>
			<string>Products</string>
			<key>sourceTree</key>
			<string>&lt;group&gt;</string>
		</dict>
		<key>488506EE1B3335500068D65E</key>
		<dict>
			<key>children</key>
			<array>
				<string>488507131B3342F70068D65E</string>
				<string>488506F11B3335500068D65E</string>
				<string>488506F31B3335500068D65E</string>
				<string>488506F51B3335500068D65E</string>
				<string>488506F81B3335500068D65E</string>
				<string>488506FA1B3335500068D65E</string>
				<string>488506EF1B3335500068D65E</string>
				<string>45BAF65E543F609C95D09079</string>
			</array>
			<key>isa</key>
			<string>PBXGroup</string>
			<key>path</key>
			<string>REDVocabulary</string>
			<key>sourceTree</key>
			<string>&lt;group&gt;</string>
		</dict>
		<key>488506EF1B3335500068D65E</key>
		<dict>
			<key>children</key>
			<array>
				<string>488506F01B3335500068D65E</string>
			</array>
			<key>isa</key>
			<string>PBXGroup</string>
			<key>name</key>
			<string>Supporting Files</string>
			<key>sourceTree</key>
			<string>&lt;group&gt;</string>
		</dict>
		<key>488506F01B3335500068D65E</key>
		<dict>
			<key>isa</key>
			<string>PBXFileReference</string>
			<key>lastKnownFileType</key>
			<string>text.plist.xml</string>
			<key>path</key>
			<string>Info.plist</string>
			<key>sourceTree</key>
			<string>&lt;group&gt;</string>
		</dict>
		<key>488506F11B3335500068D65E</key>
		<dict>
			<key>isa</key>
			<string>PBXFileReference</string>
			<key>lastKnownFileType</key>
			<string>sourcecode.swift</string>
			<key>path</key>
			<string>AppDelegate.swift</string>
			<key>sourceTree</key>
			<string>&lt;group&gt;</string>
		</dict>
		<key>488506F21B3335500068D65E</key>
		<dict>
			<key>fileRef</key>
			<string>488506F11B3335500068D65E</string>
			<key>isa</key>
			<string>PBXBuildFile</string>
		</dict>
		<key>488506F31B3335500068D65E</key>
		<dict>
			<key>isa</key>
			<string>PBXFileReference</string>
			<key>lastKnownFileType</key>
			<string>sourcecode.swift</string>
			<key>path</key>
			<string>ViewController.swift</string>
			<key>sourceTree</key>
			<string>&lt;group&gt;</string>
		</dict>
		<key>488506F41B3335500068D65E</key>
		<dict>
			<key>fileRef</key>
			<string>488506F31B3335500068D65E</string>
			<key>isa</key>
			<string>PBXBuildFile</string>
		</dict>
		<key>488506F51B3335500068D65E</key>
		<dict>
			<key>children</key>
			<array>
				<string>488506F61B3335500068D65E</string>
			</array>
			<key>isa</key>
			<string>PBXVariantGroup</string>
			<key>name</key>
			<string>Main.storyboard</string>
			<key>sourceTree</key>
			<string>&lt;group&gt;</string>
		</dict>
		<key>488506F61B3335500068D65E</key>
		<dict>
			<key>isa</key>
			<string>PBXFileReference</string>
			<key>lastKnownFileType</key>
			<string>file.storyboard</string>
			<key>name</key>
			<string>Base</string>
			<key>path</key>
			<string>Base.lproj/Main.storyboard</string>
			<key>sourceTree</key>
			<string>&lt;group&gt;</string>
		</dict>
		<key>488506F71B3335500068D65E</key>
		<dict>
			<key>fileRef</key>
			<string>488506F51B3335500068D65E</string>
			<key>isa</key>
			<string>PBXBuildFile</string>
		</dict>
		<key>488506F81B3335500068D65E</key>
		<dict>
			<key>isa</key>
			<string>PBXFileReference</string>
			<key>lastKnownFileType</key>
			<string>folder.assetcatalog</string>
			<key>path</key>
			<string>Images.xcassets</string>
			<key>sourceTree</key>
			<string>&lt;group&gt;</string>
		</dict>
		<key>488506F91B3335500068D65E</key>
		<dict>
			<key>fileRef</key>
			<string>488506F81B3335500068D65E</string>
			<key>isa</key>
			<string>PBXBuildFile</string>
		</dict>
		<key>488506FA1B3335500068D65E</key>
		<dict>
			<key>children</key>
			<array>
				<string>488506FB1B3335500068D65E</string>
			</array>
			<key>isa</key>
			<string>PBXVariantGroup</string>
			<key>name</key>
			<string>LaunchScreen.xib</string>
			<key>sourceTree</key>
			<string>&lt;group&gt;</string>
		</dict>
		<key>488506FB1B3335500068D65E</key>
		<dict>
			<key>isa</key>
			<string>PBXFileReference</string>
			<key>lastKnownFileType</key>
			<string>file.xib</string>
			<key>name</key>
			<string>Base</string>
			<key>path</key>
			<string>Base.lproj/LaunchScreen.xib</string>
			<key>sourceTree</key>
			<string>&lt;group&gt;</string>
		</dict>
		<key>488506FC1B3335500068D65E</key>
		<dict>
			<key>fileRef</key>
			<string>488506FA1B3335500068D65E</string>
			<key>isa</key>
			<string>PBXBuildFile</string>
		</dict>
		<key>488506FD1B3335500068D65E</key>
		<dict>
			<key>buildActionMask</key>
			<string>2147483647</string>
			<key>files</key>
			<array>
				<string>488507081B3335500068D65E</string>
			</array>
			<key>isa</key>
			<string>PBXSourcesBuildPhase</string>
			<key>runOnlyForDeploymentPostprocessing</key>
			<string>0</string>
		</dict>
		<key>488506FE1B3335500068D65E</key>
		<dict>
			<key>buildActionMask</key>
			<string>2147483647</string>
			<key>files</key>
			<array/>
			<key>isa</key>
			<string>PBXFrameworksBuildPhase</string>
			<key>runOnlyForDeploymentPostprocessing</key>
			<string>0</string>
		</dict>
		<key>488506FF1B3335500068D65E</key>
		<dict>
			<key>buildActionMask</key>
			<string>2147483647</string>
			<key>files</key>
			<array/>
			<key>isa</key>
			<string>PBXResourcesBuildPhase</string>
			<key>runOnlyForDeploymentPostprocessing</key>
			<string>0</string>
		</dict>
		<key>488507001B3335500068D65E</key>
		<dict>
			<key>buildConfigurationList</key>
			<string>4885070E1B3335500068D65E</string>
			<key>buildPhases</key>
			<array>
				<string>488506FD1B3335500068D65E</string>
				<string>488506FE1B3335500068D65E</string>
				<string>488506FF1B3335500068D65E</string>
			</array>
			<key>buildRules</key>
			<array/>
			<key>dependencies</key>
			<array>
				<string>488507031B3335500068D65E</string>
			</array>
			<key>isa</key>
			<string>PBXNativeTarget</string>
			<key>name</key>
			<string>REDVocabularyTests</string>
			<key>productName</key>
			<string>REDVocabularyTests</string>
			<key>productReference</key>
			<string>488507011B3335500068D65E</string>
			<key>productType</key>
			<string>com.apple.product-type.bundle.unit-test</string>
		</dict>
		<key>488507011B3335500068D65E</key>
		<dict>
			<key>explicitFileType</key>
			<string>wrapper.cfbundle</string>
			<key>includeInIndex</key>
			<string>0</string>
			<key>isa</key>
			<string>PBXFileReference</string>
			<key>path</key>
			<string>REDVocabularyTests.xctest</string>
			<key>sourceTree</key>
			<string>BUILT_PRODUCTS_DIR</string>
		</dict>
		<key>488507021B3335500068D65E</key>
		<dict>
			<key>containerPortal</key>
			<string>488506E41B33354F0068D65E</string>
			<key>isa</key>
			<string>PBXContainerItemProxy</string>
			<key>proxyType</key>
			<string>1</string>
			<key>remoteGlobalIDString</key>
			<string>488506EB1B3335500068D65E</string>
			<key>remoteInfo</key>
			<string>REDVocabulary</string>
		</dict>
		<key>488507031B3335500068D65E</key>
		<dict>
			<key>isa</key>
			<string>PBXTargetDependency</string>
			<key>target</key>
			<string>488506EB1B3335500068D65E</string>
			<key>targetProxy</key>
			<string>488507021B3335500068D65E</string>
		</dict>
		<key>488507041B3335500068D65E</key>
		<dict>
			<key>children</key>
			<array>
				<string>488507071B3335500068D65E</string>
				<string>488507051B3335500068D65E</string>
			</array>
			<key>isa</key>
			<string>PBXGroup</string>
			<key>path</key>
			<string>REDVocabularyTests</string>
			<key>sourceTree</key>
			<string>&lt;group&gt;</string>
		</dict>
		<key>488507051B3335500068D65E</key>
		<dict>
			<key>children</key>
			<array>
				<string>488507061B3335500068D65E</string>
			</array>
			<key>isa</key>
			<string>PBXGroup</string>
			<key>name</key>
			<string>Supporting Files</string>
			<key>sourceTree</key>
			<string>&lt;group&gt;</string>
		</dict>
		<key>488507061B3335500068D65E</key>
		<dict>
			<key>isa</key>
			<string>PBXFileReference</string>
			<key>lastKnownFileType</key>
			<string>text.plist.xml</string>
			<key>path</key>
			<string>Info.plist</string>
			<key>sourceTree</key>
			<string>&lt;group&gt;</string>
		</dict>
		<key>488507071B3335500068D65E</key>
		<dict>
			<key>isa</key>
			<string>PBXFileReference</string>
			<key>lastKnownFileType</key>
			<string>sourcecode.swift</string>
			<key>path</key>
			<string>REDVocabularyTests.swift</string>
			<key>sourceTree</key>
			<string>&lt;group&gt;</string>
		</dict>
		<key>488507081B3335500068D65E</key>
		<dict>
			<key>fileRef</key>
			<string>488507071B3335500068D65E</string>
			<key>isa</key>
			<string>PBXBuildFile</string>
		</dict>
		<key>488507091B3335500068D65E</key>
		<dict>
			<key>buildSettings</key>
			<dict>
				<key>ALWAYS_SEARCH_USER_PATHS</key>
				<string>NO</string>
				<key>CLANG_CXX_LANGUAGE_STANDARD</key>
				<string>gnu++0x</string>
				<key>CLANG_CXX_LIBRARY</key>
				<string>libc++</string>
				<key>CLANG_ENABLE_MODULES</key>
				<string>YES</string>
				<key>CLANG_ENABLE_OBJC_ARC</key>
				<string>YES</string>
				<key>CLANG_WARN_BOOL_CONVERSION</key>
				<string>YES</string>
				<key>CLANG_WARN_CONSTANT_CONVERSION</key>
				<string>YES</string>
				<key>CLANG_WARN_DIRECT_OBJC_ISA_USAGE</key>
				<string>YES_ERROR</string>
				<key>CLANG_WARN_EMPTY_BODY</key>
				<string>YES</string>
				<key>CLANG_WARN_ENUM_CONVERSION</key>
				<string>YES</string>
				<key>CLANG_WARN_INT_CONVERSION</key>
				<string>YES</string>
				<key>CLANG_WARN_OBJC_ROOT_CLASS</key>
				<string>YES_ERROR</string>
				<key>CLANG_WARN_UNREACHABLE_CODE</key>
				<string>YES</string>
				<key>CLANG_WARN__DUPLICATE_METHOD_MATCH</key>
				<string>YES</string>
				<key>CODE_SIGN_IDENTITY[sdk=iphoneos*]</key>
				<string>iPhone Developer</string>
				<key>COPY_PHASE_STRIP</key>
				<string>NO</string>
				<key>DEBUG_INFORMATION_FORMAT</key>
				<string>dwarf-with-dsym</string>
				<key>ENABLE_STRICT_OBJC_MSGSEND</key>
				<string>YES</string>
				<key>GCC_C_LANGUAGE_STANDARD</key>
				<string>gnu99</string>
				<key>GCC_DYNAMIC_NO_PIC</key>
				<string>NO</string>
				<key>GCC_NO_COMMON_BLOCKS</key>
				<string>YES</string>
				<key>GCC_OPTIMIZATION_LEVEL</key>
				<string>0</string>
				<key>GCC_PREPROCESSOR_DEFINITIONS</key>
				<array>
					<string>DEBUG=1</string>
					<string>$(inherited)</string>
				</array>
				<key>GCC_SYMBOLS_PRIVATE_EXTERN</key>
				<string>NO</string>
				<key>GCC_WARN_64_TO_32_BIT_CONVERSION</key>
				<string>YES</string>
				<key>GCC_WARN_ABOUT_RETURN_TYPE</key>
				<string>YES_ERROR</string>
				<key>GCC_WARN_UNDECLARED_SELECTOR</key>
				<string>YES</string>
				<key>GCC_WARN_UNINITIALIZED_AUTOS</key>
				<string>YES_AGGRESSIVE</string>
				<key>GCC_WARN_UNUSED_FUNCTION</key>
				<string>YES</string>
				<key>GCC_WARN_UNUSED_VARIABLE</key>
				<string>YES</string>
				<key>IPHONEOS_DEPLOYMENT_TARGET</key>
				<string>8.3</string>
				<key>MTL_ENABLE_DEBUG_INFO</key>
				<string>YES</string>
				<key>ONLY_ACTIVE_ARCH</key>
				<string>YES</string>
				<key>SDKROOT</key>
				<string>iphoneos</string>
				<key>SWIFT_OPTIMIZATION_LEVEL</key>
				<string>-Onone</string>
				<key>TARGETED_DEVICE_FAMILY</key>
				<string>1,2</string>
			</dict>
			<key>isa</key>
			<string>XCBuildConfiguration</string>
			<key>name</key>
			<string>Debug</string>
		</dict>
		<key>4885070A1B3335500068D65E</key>
		<dict>
			<key>buildSettings</key>
			<dict>
				<key>ALWAYS_SEARCH_USER_PATHS</key>
				<string>NO</string>
				<key>CLANG_CXX_LANGUAGE_STANDARD</key>
				<string>gnu++0x</string>
				<key>CLANG_CXX_LIBRARY</key>
				<string>libc++</string>
				<key>CLANG_ENABLE_MODULES</key>
				<string>YES</string>
				<key>CLANG_ENABLE_OBJC_ARC</key>
				<string>YES</string>
				<key>CLANG_WARN_BOOL_CONVERSION</key>
				<string>YES</string>
				<key>CLANG_WARN_CONSTANT_CONVERSION</key>
				<string>YES</string>
				<key>CLANG_WARN_DIRECT_OBJC_ISA_USAGE</key>
				<string>YES_ERROR</string>
				<key>CLANG_WARN_EMPTY_BODY</key>
				<string>YES</string>
				<key>CLANG_WARN_ENUM_CONVERSION</key>
				<string>YES</string>
				<key>CLANG_WARN_INT_CONVERSION</key>
				<string>YES</string>
				<key>CLANG_WARN_OBJC_ROOT_CLASS</key>
				<string>YES_ERROR</string>
				<key>CLANG_WARN_UNREACHABLE_CODE</key>
				<string>YES</string>
				<key>CLANG_WARN__DUPLICATE_METHOD_MATCH</key>
				<string>YES</string>
				<key>CODE_SIGN_IDENTITY[sdk=iphoneos*]</key>
				<string>iPhone Developer</string>
				<key>COPY_PHASE_STRIP</key>
				<string>NO</string>
				<key>DEBUG_INFORMATION_FORMAT</key>
				<string>dwarf-with-dsym</string>
				<key>ENABLE_NS_ASSERTIONS</key>
				<string>NO</string>
				<key>ENABLE_STRICT_OBJC_MSGSEND</key>
				<string>YES</string>
				<key>GCC_C_LANGUAGE_STANDARD</key>
				<string>gnu99</string>
				<key>GCC_NO_COMMON_BLOCKS</key>
				<string>YES</string>
				<key>GCC_WARN_64_TO_32_BIT_CONVERSION</key>
				<string>YES</string>
				<key>GCC_WARN_ABOUT_RETURN_TYPE</key>
				<string>YES_ERROR</string>
				<key>GCC_WARN_UNDECLARED_SELECTOR</key>
				<string>YES</string>
				<key>GCC_WARN_UNINITIALIZED_AUTOS</key>
				<string>YES_AGGRESSIVE</string>
				<key>GCC_WARN_UNUSED_FUNCTION</key>
				<string>YES</string>
				<key>GCC_WARN_UNUSED_VARIABLE</key>
				<string>YES</string>
				<key>IPHONEOS_DEPLOYMENT_TARGET</key>
				<string>8.3</string>
				<key>MTL_ENABLE_DEBUG_INFO</key>
				<string>NO</string>
				<key>SDKROOT</key>
				<string>iphoneos</string>
				<key>TARGETED_DEVICE_FAMILY</key>
				<string>1,2</string>
				<key>VALIDATE_PRODUCT</key>
				<string>YES</string>
			</dict>
			<key>isa</key>
			<string>XCBuildConfiguration</string>
			<key>name</key>
			<string>Release</string>
		</dict>
		<key>4885070B1B3335500068D65E</key>
		<dict>
			<key>buildConfigurations</key>
			<array>
				<string>4885070C1B3335500068D65E</string>
				<string>4885070D1B3335500068D65E</string>
			</array>
			<key>defaultConfigurationIsVisible</key>
			<string>0</string>
			<key>defaultConfigurationName</key>
			<string>Release</string>
			<key>isa</key>
			<string>XCConfigurationList</string>
		</dict>
		<key>4885070C1B3335500068D65E</key>
		<dict>
			<key>baseConfigurationReference</key>
			<string>61DA4E507FF0C088F5C8E81C</string>
			<key>buildSettings</key>
			<dict>
				<key>ASSETCATALOG_COMPILER_APPICON_NAME</key>
				<string>AppIcon</string>
				<key>INFOPLIST_FILE</key>
				<string>REDVocabulary/Info.plist</string>
				<key>LD_RUNPATH_SEARCH_PATHS</key>
				<string>$(inherited) @executable_path/Frameworks</string>
				<key>PRODUCT_NAME</key>
				<string>$(TARGET_NAME)</string>
			</dict>
			<key>isa</key>
			<string>XCBuildConfiguration</string>
			<key>name</key>
			<string>Debug</string>
		</dict>
		<key>4885070D1B3335500068D65E</key>
		<dict>
			<key>baseConfigurationReference</key>
			<string>56401C2E240328C782C6552E</string>
			<key>buildSettings</key>
			<dict>
				<key>ASSETCATALOG_COMPILER_APPICON_NAME</key>
				<string>AppIcon</string>
				<key>INFOPLIST_FILE</key>
				<string>REDVocabulary/Info.plist</string>
				<key>LD_RUNPATH_SEARCH_PATHS</key>
				<string>$(inherited) @executable_path/Frameworks</string>
				<key>PRODUCT_NAME</key>
				<string>$(TARGET_NAME)</string>
			</dict>
			<key>isa</key>
			<string>XCBuildConfiguration</string>
			<key>name</key>
			<string>Release</string>
		</dict>
		<key>4885070E1B3335500068D65E</key>
		<dict>
			<key>buildConfigurations</key>
			<array>
				<string>4885070F1B3335500068D65E</string>
				<string>488507101B3335500068D65E</string>
			</array>
			<key>defaultConfigurationIsVisible</key>
			<string>0</string>
			<key>defaultConfigurationName</key>
			<string>Release</string>
			<key>isa</key>
			<string>XCConfigurationList</string>
		</dict>
		<key>4885070F1B3335500068D65E</key>
		<dict>
			<key>buildSettings</key>
			<dict>
				<key>BUNDLE_LOADER</key>
				<string>$(TEST_HOST)</string>
				<key>FRAMEWORK_SEARCH_PATHS</key>
				<array>
					<string>$(SDKROOT)/Developer/Library/Frameworks</string>
					<string>$(inherited)</string>
				</array>
				<key>GCC_PREPROCESSOR_DEFINITIONS</key>
				<array>
					<string>DEBUG=1</string>
					<string>$(inherited)</string>
				</array>
				<key>INFOPLIST_FILE</key>
				<string>REDVocabularyTests/Info.plist</string>
				<key>LD_RUNPATH_SEARCH_PATHS</key>
				<string>$(inherited) @executable_path/Frameworks @loader_path/Frameworks</string>
				<key>PRODUCT_NAME</key>
				<string>$(TARGET_NAME)</string>
				<key>TEST_HOST</key>
				<string>$(BUILT_PRODUCTS_DIR)/REDVocabulary.app/REDVocabulary</string>
			</dict>
			<key>isa</key>
			<string>XCBuildConfiguration</string>
			<key>name</key>
			<string>Debug</string>
		</dict>
		<key>488507101B3335500068D65E</key>
		<dict>
			<key>buildSettings</key>
			<dict>
				<key>BUNDLE_LOADER</key>
				<string>$(TEST_HOST)</string>
				<key>FRAMEWORK_SEARCH_PATHS</key>
				<array>
					<string>$(SDKROOT)/Developer/Library/Frameworks</string>
					<string>$(inherited)</string>
				</array>
				<key>INFOPLIST_FILE</key>
				<string>REDVocabularyTests/Info.plist</string>
				<key>LD_RUNPATH_SEARCH_PATHS</key>
				<string>$(inherited) @executable_path/Frameworks @loader_path/Frameworks</string>
				<key>PRODUCT_NAME</key>
				<string>$(TARGET_NAME)</string>
				<key>TEST_HOST</key>
				<string>$(BUILT_PRODUCTS_DIR)/REDVocabulary.app/REDVocabulary</string>
			</dict>
			<key>isa</key>
			<string>XCBuildConfiguration</string>
			<key>name</key>
			<string>Release</string>
		</dict>
		<key>488507131B3342F70068D65E</key>
		<dict>
			<key>children</key>
			<array>
				<string>488507141B3343030068D65E</string>
				<string>45BAF68C8FDA7D157356C5A3</string>
				<string>45BAFA22E9D8594C890B1E10</string>
				<string>45BAF94B1BE2C6D51D724541</string>
			</array>
			<key>isa</key>
			<string>PBXGroup</string>
			<key>name</key>
			<string>modules</string>
			<key>sourceTree</key>
			<string>&lt;group&gt;</string>
		</dict>
		<key>488507141B3343030068D65E</key>
		<dict>
			<key>children</key>
			<array>
				<string>45BAFFA0C6F3C223B301ED37</string>
			</array>
			<key>isa</key>
			<string>PBXGroup</string>
			<key>name</key>
			<string>selectingLanguage</string>
			<key>sourceTree</key>
			<string>&lt;group&gt;</string>
		</dict>
		<key>56401C2E240328C782C6552E</key>
		<dict>
			<key>includeInIndex</key>
			<string>1</string>
			<key>isa</key>
			<string>PBXFileReference</string>
			<key>lastKnownFileType</key>
			<string>text.xcconfig</string>
			<key>name</key>
			<string>Pods-REDVocabulary.release.xcconfig</string>
			<key>path</key>
			<string>Pods/Target Support Files/Pods-REDVocabulary/Pods-REDVocabulary.release.xcconfig</string>
			<key>sourceTree</key>
			<string>&lt;group&gt;</string>
		</dict>
		<key>61DA4E507FF0C088F5C8E81C</key>
		<dict>
			<key>includeInIndex</key>
			<string>1</string>
			<key>isa</key>
			<string>PBXFileReference</string>
			<key>lastKnownFileType</key>
			<string>text.xcconfig</string>
			<key>name</key>
			<string>Pods-REDVocabulary.debug.xcconfig</string>
			<key>path</key>
			<string>Pods/Target Support Files/Pods-REDVocabulary/Pods-REDVocabulary.debug.xcconfig</string>
			<key>sourceTree</key>
			<string>&lt;group&gt;</string>
		</dict>
		<key>70C409ADDF91B22380269777</key>
		<dict>
			<key>buildActionMask</key>
			<string>2147483647</string>
			<key>files</key>
			<array/>
			<key>inputPaths</key>
			<array/>
			<key>isa</key>
			<string>PBXShellScriptBuildPhase</string>
			<key>name</key>
			<string>Copy Pods Resources</string>
			<key>outputPaths</key>
			<array/>
			<key>runOnlyForDeploymentPostprocessing</key>
			<string>0</string>
			<key>shellPath</key>
			<string>/bin/sh</string>
			<key>shellScript</key>
			<string>"${SRCROOT}/Pods/Target Support Files/Pods-REDVocabulary/Pods-REDVocabulary-resources.sh"
</string>
			<key>showEnvVarsInLog</key>
			<string>0</string>
		</dict>
		<key>7382F81A06806C8D899479C8</key>
		<dict>
			<key>children</key>
			<array>
				<string>61DA4E507FF0C088F5C8E81C</string>
				<string>56401C2E240328C782C6552E</string>
			</array>
			<key>isa</key>
			<string>PBXGroup</string>
			<key>name</key>
			<string>Pods</string>
			<key>sourceTree</key>
			<string>&lt;group&gt;</string>
		</dict>
		<key>CA7D2EDFB88CA7FE211972DD</key>
		<dict>
			<key>fileRef</key>
			<string>F07B0AD661477B148DF9E3FE</string>
			<key>isa</key>
			<string>PBXBuildFile</string>
		</dict>
		<key>E0F0762C7880B5BC43C4B219</key>
		<dict>
			<key>children</key>
			<array>
				<string>F07B0AD661477B148DF9E3FE</string>
			</array>
			<key>isa</key>
			<string>PBXGroup</string>
			<key>name</key>
			<string>Frameworks</string>
			<key>sourceTree</key>
			<string>&lt;group&gt;</string>
		</dict>
		<key>F07B0AD661477B148DF9E3FE</key>
		<dict>
			<key>explicitFileType</key>
			<string>archive.ar</string>
			<key>includeInIndex</key>
			<string>0</string>
			<key>isa</key>
			<string>PBXFileReference</string>
			<key>path</key>
			<string>libPods-REDVocabulary.a</string>
			<key>sourceTree</key>
			<string>BUILT_PRODUCTS_DIR</string>
		</dict>
	</dict>
	<key>rootObject</key>
	<string>488506E41B33354F0068D65E</string>
</dict>
</plist>
